
Microsoft Visual Studio Solution File, Format Version 12.00
# Visual Studio Version 17
VisualStudioVersion = 17.0.31903.59
MinimumVisualStudioVersion = 10.0.40219.1
Project("{FAE04EC0-301F-11D3-BF4B-00C04F79EFBC}") = "LoyaltyPlatform.API", "LoyaltyPlatform.API\LoyaltyPlatform.API.csproj", "{FC731ECB-1518-4E88-992F-D63342A6D578}"
EndProject
Project("{FAE04EC0-301F-11D3-BF4B-00C04F79EFBC}") = "LoyaltyPlatform.Application", "LoyaltyPlatform.Application\LoyaltyPlatform.Application.csproj", "{638FC46F-0D11-4BCE-92CE-6973F8D33F9F}"
EndProject
Project("{FAE04EC0-301F-11D3-BF4B-00C04F79EFBC}") = "LoyaltyPlatform.Domain", "LoyaltyPlatform.Domain\LoyaltyPlatform.Domain.csproj", "{93944CE2-6D79-4D3A-810F-4A0584CB27E2}"
EndProject
Project("{FAE04EC0-301F-11D3-BF4B-00C04F79EFBC}") = "LoyaltyPlatform.Infrastructure", "LoyaltyPlatform.Infrastructure\LoyaltyPlatform.Infrastructure.csproj", "{6BE72D2B-7BB6-4787-BF7F-BA482428E2D9}"
EndProject
Global
	GlobalSection(SolutionConfigurationPlatforms) = preSolution
		Debug|Any CPU = Debug|Any CPU
		Release|Any CPU = Release|Any CPU
	EndGlobalSection
	GlobalSection(SolutionProperties) = preSolution
		HideSolutionNode = FALSE
	EndGlobalSection
	GlobalSection(ProjectConfigurationPlatforms) = postSolution
		{FC731ECB-1518-4E88-992F-D63342A6D578}.Debug|Any CPU.ActiveCfg = Debug|Any CPU
		{FC731ECB-1518-4E88-992F-D63342A6D578}.Debug|Any CPU.Build.0 = Debug|Any CPU
		{FC731ECB-1518-4E88-992F-D63342A6D578}.Release|Any CPU.ActiveCfg = Release|Any CPU
		{FC731ECB-1518-4E88-992F-D63342A6D578}.Release|Any CPU.Build.0 = Release|Any CPU
		{638FC46F-0D11-4BCE-92CE-6973F8D33F9F}.Debug|Any CPU.ActiveCfg = Debug|Any CPU
		{638FC46F-0D11-4BCE-92CE-6973F8D33F9F}.Debug|Any CPU.Build.0 = Debug|Any CPU
		{638FC46F-0D11-4BCE-92CE-6973F8D33F9F}.Release|Any CPU.ActiveCfg = Release|Any CPU
		{638FC46F-0D11-4BCE-92CE-6973F8D33F9F}.Release|Any CPU.Build.0 = Release|Any CPU
		{93944CE2-6D79-4D3A-810F-4A0584CB27E2}.Debug|Any CPU.ActiveCfg = Debug|Any CPU
		{93944CE2-6D79-4D3A-810F-4A0584CB27E2}.Debug|Any CPU.Build.0 = Debug|Any CPU
		{93944CE2-6D79-4D3A-810F-4A0584CB27E2}.Release|Any CPU.ActiveCfg = Release|Any CPU
		{93944CE2-6D79-4D3A-810F-4A0584CB27E2}.Release|Any CPU.Build.0 = Release|Any CPU
		{6BE72D2B-7BB6-4787-BF7F-BA482428E2D9}.Debug|Any CPU.ActiveCfg = Debug|Any CPU
		{6BE72D2B-7BB6-4787-BF7F-BA482428E2D9}.Debug|Any CPU.Build.0 = Debug|Any CPU
		{6BE72D2B-7BB6-4787-BF7F-BA482428E2D9}.Release|Any CPU.ActiveCfg = Release|Any CPU
		{6BE72D2B-7BB6-4787-BF7F-BA482428E2D9}.Release|Any CPU.Build.0 = Release|Any CPU
	EndGlobalSection
EndGlobal
